// !$*UTF8*$!
{
	archiveVersion = 1;
	classes = {
	};
	objectVersion = 50;
	objects = {

/* Begin PBXBuildFile section */
		672A622425DA82E7009EF6A3 /* AppDelegate.swift in Sources */ = {isa = PBXBuildFile; fileRef = 672A622325DA82E7009EF6A3 /* AppDelegate.swift */; };
		672A622625DA82E7009EF6A3 /* SceneDelegate.swift in Sources */ = {isa = PBXBuildFile; fileRef = 672A622525DA82E7009EF6A3 /* SceneDelegate.swift */; };
		672A622825DA82E7009EF6A3 /* ViewController.swift in Sources */ = {isa = PBXBuildFile; fileRef = 672A622725DA82E7009EF6A3 /* ViewController.swift */; };
		672A622B25DA82E7009EF6A3 /* Main.storyboard in Resources */ = {isa = PBXBuildFile; fileRef = 672A622925DA82E7009EF6A3 /* Main.storyboard */; };
		672A622D25DA82F5009EF6A3 /* Assets.xcassets in Resources */ = {isa = PBXBuildFile; fileRef = 672A622C25DA82F5009EF6A3 /* Assets.xcassets */; };
		672A623025DA82F5009EF6A3 /* LaunchScreen.storyboard in Resources */ = {isa = PBXBuildFile; fileRef = 672A622E25DA82F5009EF6A3 /* LaunchScreen.storyboard */; };
		672A623B25DA82F6009EF6A3 /* hnTests.swift in Sources */ = {isa = PBXBuildFile; fileRef = 672A623A25DA82F6009EF6A3 /* hnTests.swift */; };
		672A624625DA8320009EF6A3 /* .gitignore in Resources */ = {isa = PBXBuildFile; fileRef = 672A624525DA8320009EF6A3 /* .gitignore */; };
/* End PBXBuildFile section */

/* Begin PBXContainerItemProxy section */
		672A623725DA82F6009EF6A3 /* PBXContainerItemProxy */ = {
			isa = PBXContainerItemProxy;
			containerPortal = 672A621825DA82E6009EF6A3 /* Project object */;
			proxyType = 1;
			remoteGlobalIDString = 672A621F25DA82E6009EF6A3;
			remoteInfo = hn;
		};
/* End PBXContainerItemProxy section */

/* Begin PBXFileReference section */
		672A622025DA82E6009EF6A3 /* hn.app */ = {isa = PBXFileReference; explicitFileType = wrapper.application; includeInIndex = 0; path = hn.app; sourceTree = BUILT_PRODUCTS_DIR; };
		672A622325DA82E7009EF6A3 /* AppDelegate.swift */ = {isa = PBXFileReference; lastKnownFileType = sourcecode.swift; path = AppDelegate.swift; sourceTree = "<group>"; };
		672A622525DA82E7009EF6A3 /* SceneDelegate.swift */ = {isa = PBXFileReference; lastKnownFileType = sourcecode.swift; path = SceneDelegate.swift; sourceTree = "<group>"; };
		672A622725DA82E7009EF6A3 /* ViewController.swift */ = {isa = PBXFileReference; lastKnownFileType = sourcecode.swift; path = ViewController.swift; sourceTree = "<group>"; };
		672A622A25DA82E7009EF6A3 /* Base */ = {isa = PBXFileReference; lastKnownFileType = file.storyboard; name = Base; path = Base.lproj/Main.storyboard; sourceTree = "<group>"; };
		672A622C25DA82F5009EF6A3 /* Assets.xcassets */ = {isa = PBXFileReference; lastKnownFileType = folder.assetcatalog; path = Assets.xcassets; sourceTree = "<group>"; };
		672A622F25DA82F5009EF6A3 /* Base */ = {isa = PBXFileReference; lastKnownFileType = file.storyboard; name = Base; path = Base.lproj/LaunchScreen.storyboard; sourceTree = "<group>"; };
		672A623125DA82F5009EF6A3 /* Info.plist */ = {isa = PBXFileReference; lastKnownFileType = text.plist.xml; path = Info.plist; sourceTree = "<group>"; };
		672A623625DA82F6009EF6A3 /* hnTests.xctest */ = {isa = PBXFileReference; explicitFileType = wrapper.cfbundle; includeInIndex = 0; path = hnTests.xctest; sourceTree = BUILT_PRODUCTS_DIR; };
		672A623A25DA82F6009EF6A3 /* hnTests.swift */ = {isa = PBXFileReference; lastKnownFileType = sourcecode.swift; path = hnTests.swift; sourceTree = "<group>"; };
		672A623C25DA82F6009EF6A3 /* Info.plist */ = {isa = PBXFileReference; lastKnownFileType = text.plist.xml; path = Info.plist; sourceTree = "<group>"; };
		672A624525DA8320009EF6A3 /* .gitignore */ = {isa = PBXFileReference; lastKnownFileType = text; path = .gitignore; sourceTree = "<group>"; };
/* End PBXFileReference section */

/* Begin PBXFrameworksBuildPhase section */
		672A621D25DA82E6009EF6A3 /* Frameworks */ = {
			isa = PBXFrameworksBuildPhase;
			buildActionMask = 2147483647;
			files = (
			);
			runOnlyForDeploymentPostprocessing = 0;
		};
		672A623325DA82F6009EF6A3 /* Frameworks */ = {
			isa = PBXFrameworksBuildPhase;
			buildActionMask = 2147483647;
			files = (
			);
			runOnlyForDeploymentPostprocessing = 0;
		};
/* End PBXFrameworksBuildPhase section */

/* Begin PBXGroup section */
		672A621725DA82E6009EF6A3 = {
			isa = PBXGroup;
			children = (
				672A624525DA8320009EF6A3 /* .gitignore */,
				672A622225DA82E6009EF6A3 /* hn */,
				672A623925DA82F6009EF6A3 /* hnTests */,
				672A622125DA82E6009EF6A3 /* Products */,
			);
			sourceTree = "<group>";
		};
		672A622125DA82E6009EF6A3 /* Products */ = {
			isa = PBXGroup;
			children = (
				672A622025DA82E6009EF6A3 /* hn.app */,
				672A623625DA82F6009EF6A3 /* hnTests.xctest */,
			);
			name = Products;
			sourceTree = "<group>";
		};
		672A622225DA82E6009EF6A3 /* hn */ = {
			isa = PBXGroup;
			children = (
				672A622325DA82E7009EF6A3 /* AppDelegate.swift */,
				672A622525DA82E7009EF6A3 /* SceneDelegate.swift */,
				672A622725DA82E7009EF6A3 /* ViewController.swift */,
				672A622925DA82E7009EF6A3 /* Main.storyboard */,
				672A622C25DA82F5009EF6A3 /* Assets.xcassets */,
				672A622E25DA82F5009EF6A3 /* LaunchScreen.storyboard */,
				672A623125DA82F5009EF6A3 /* Info.plist */,
			);
			path = hn;
			sourceTree = "<group>";
		};
		672A623925DA82F6009EF6A3 /* hnTests */ = {
			isa = PBXGroup;
			children = (
				672A623A25DA82F6009EF6A3 /* hnTests.swift */,
				672A623C25DA82F6009EF6A3 /* Info.plist */,
			);
			path = hnTests;
			sourceTree = "<group>";
		};
/* End PBXGroup section */

/* Begin PBXNativeTarget section */
		672A621F25DA82E6009EF6A3 /* hn */ = {
			isa = PBXNativeTarget;
			buildConfigurationList = 672A623F25DA82F6009EF6A3 /* Build configuration list for PBXNativeTarget "hn" */;
			buildPhases = (
				672A621C25DA82E6009EF6A3 /* Sources */,
				672A621D25DA82E6009EF6A3 /* Frameworks */,
				672A621E25DA82E6009EF6A3 /* Resources */,
			);
			buildRules = (
			);
			dependencies = (
			);
			name = hn;
			productName = hn;
			productReference = 672A622025DA82E6009EF6A3 /* hn.app */;
			productType = "com.apple.product-type.application";
		};
		672A623525DA82F6009EF6A3 /* hnTests */ = {
			isa = PBXNativeTarget;
			buildConfigurationList = 672A624225DA82F6009EF6A3 /* Build configuration list for PBXNativeTarget "hnTests" */;
			buildPhases = (
				672A623225DA82F6009EF6A3 /* Sources */,
				672A623325DA82F6009EF6A3 /* Frameworks */,
				672A623425DA82F6009EF6A3 /* Resources */,
			);
			buildRules = (
			);
			dependencies = (
				672A623825DA82F6009EF6A3 /* PBXTargetDependency */,
			);
			name = hnTests;
			productName = hnTests;
			productReference = 672A623625DA82F6009EF6A3 /* hnTests.xctest */;
			productType = "com.apple.product-type.bundle.unit-test";
		};
/* End PBXNativeTarget section */

/* Begin PBXProject section */
		672A621825DA82E6009EF6A3 /* Project object */ = {
			isa = PBXProject;
			attributes = {
				LastSwiftUpdateCheck = 1150;
				LastUpgradeCheck = 1150;
				ORGANIZATIONNAME = vlsuv;
				TargetAttributes = {
					672A621F25DA82E6009EF6A3 = {
						CreatedOnToolsVersion = 11.5;
					};
					672A623525DA82F6009EF6A3 = {
						CreatedOnToolsVersion = 11.5;
						TestTargetID = 672A621F25DA82E6009EF6A3;
					};
				};
			};
			buildConfigurationList = 672A621B25DA82E6009EF6A3 /* Build configuration list for PBXProject "hn" */;
			compatibilityVersion = "Xcode 9.3";
			developmentRegion = en;
			hasScannedForEncodings = 0;
			knownRegions = (
				en,
				Base,
			);
			mainGroup = 672A621725DA82E6009EF6A3;
			productRefGroup = 672A622125DA82E6009EF6A3 /* Products */;
			projectDirPath = "";
			projectRoot = "";
			targets = (
				672A621F25DA82E6009EF6A3 /* hn */,
				672A623525DA82F6009EF6A3 /* hnTests */,
			);
		};
/* End PBXProject section */

/* Begin PBXResourcesBuildPhase section */
		672A621E25DA82E6009EF6A3 /* Resources */ = {
			isa = PBXResourcesBuildPhase;
			buildActionMask = 2147483647;
			files = (
				672A624625DA8320009EF6A3 /* .gitignore in Resources */,
				672A623025DA82F5009EF6A3 /* LaunchScreen.storyboard in Resources */,
				672A622D25DA82F5009EF6A3 /* Assets.xcassets in Resources */,
				672A622B25DA82E7009EF6A3 /* Main.storyboard in Resources */,
			);
			runOnlyForDeploymentPostprocessing = 0;
		};
		672A623425DA82F6009EF6A3 /* Resources */ = {
			isa = PBXResourcesBuildPhase;
			buildActionMask = 2147483647;
			files = (
			);
			runOnlyForDeploymentPostprocessing = 0;
		};
/* End PBXResourcesBuildPhase section */

/* Begin PBXSourcesBuildPhase section */
		672A621C25DA82E6009EF6A3 /* Sources */ = {
			isa = PBXSourcesBuildPhase;
			buildActionMask = 2147483647;
			files = (
				672A622825DA82E7009EF6A3 /* ViewController.swift in Sources */,
				672A622425DA82E7009EF6A3 /* AppDelegate.swift in Sources */,
				672A622625DA82E7009EF6A3 /* SceneDelegate.swift in Sources */,
			);
			runOnlyForDeploymentPostprocessing = 0;
		};
		672A623225DA82F6009EF6A3 /* Sources */ = {
			isa = PBXSourcesBuildPhase;
			buildActionMask = 2147483647;
			files = (
				672A623B25DA82F6009EF6A3 /* hnTests.swift in Sources */,
			);
			runOnlyForDeploymentPostprocessing = 0;
		};
/* End PBXSourcesBuildPhase section */

/* Begin PBXTargetDependency section */
		672A623825DA82F6009EF6A3 /* PBXTargetDependency */ = {
			isa = PBXTargetDependency;
			target = 672A621F25DA82E6009EF6A3 /* hn */;
			targetProxy = 672A623725DA82F6009EF6A3 /* PBXContainerItemProxy */;
		};
/* End PBXTargetDependency section */

/* Begin PBXVariantGroup section */
		672A622925DA82E7009EF6A3 /* Main.storyboard */ = {
			isa = PBXVariantGroup;
			children = (
				672A622A25DA82E7009EF6A3 /* Base */,
			);
			name = Main.storyboard;
			sourceTree = "<group>";
		};
		672A622E25DA82F5009EF6A3 /* LaunchScreen.storyboard */ = {
			isa = PBXVariantGroup;
			children = (
				672A622F25DA82F5009EF6A3 /* Base */,
			);
			name = LaunchScreen.storyboard;
			sourceTree = "<group>";
		};
/* End PBXVariantGroup section */

/* Begin XCBuildConfiguration section */
		672A623D25DA82F6009EF6A3 /* Debug */ = {
			isa = XCBuildConfiguration;
			buildSettings = {
				ALWAYS_SEARCH_USER_PATHS = NO;
				CLANG_ANALYZER_NONNULL = YES;
				CLANG_ANALYZER_NUMBER_OBJECT_CONVERSION = YES_AGGRESSIVE;
				CLANG_CXX_LANGUAGE_STANDARD = "gnu++14";
				CLANG_CXX_LIBRARY = "libc++";
				CLANG_ENABLE_MODULES = YES;
				CLANG_ENABLE_OBJC_ARC = YES;
				CLANG_ENABLE_OBJC_WEAK = YES;
				CLANG_WARN_BLOCK_CAPTURE_AUTORELEASING = YES;
				CLANG_WARN_BOOL_CONVERSION = YES;
				CLANG_WARN_COMMA = YES;
				CLANG_WARN_CONSTANT_CONVERSION = YES;
				CLANG_WARN_DEPRECATED_OBJC_IMPLEMENTATIONS = YES;
				CLANG_WARN_DIRECT_OBJC_ISA_USAGE = YES_ERROR;
				CLANG_WARN_DOCUMENTATION_COMMENTS = YES;
				CLANG_WARN_EMPTY_BODY = YES;
				CLANG_WARN_ENUM_CONVERSION = YES;
				CLANG_WARN_INFINITE_RECURSION = YES;
				CLANG_WARN_INT_CONVERSION = YES;
				CLANG_WARN_NON_LITERAL_NULL_CONVERSION = YES;
				CLANG_WARN_OBJC_IMPLICIT_RETAIN_SELF = YES;
				CLANG_WARN_OBJC_LITERAL_CONVERSION = YES;
				CLANG_WARN_OBJC_ROOT_CLASS = YES_ERROR;
				CLANG_WARN_RANGE_LOOP_ANALYSIS = YES;
				CLANG_WARN_STRICT_PROTOTYPES = YES;
				CLANG_WARN_SUSPICIOUS_MOVE = YES;
				CLANG_WARN_UNGUARDED_AVAILABILITY = YES_AGGRESSIVE;
				CLANG_WARN_UNREACHABLE_CODE = YES;
				CLANG_WARN__DUPLICATE_METHOD_MATCH = YES;
				COPY_PHASE_STRIP = NO;
				DEBUG_INFORMATION_FORMAT = dwarf;
				ENABLE_STRICT_OBJC_MSGSEND = YES;
				ENABLE_TESTABILITY = YES;
				GCC_C_LANGUAGE_STANDARD = gnu11;
				GCC_DYNAMIC_NO_PIC = NO;
				GCC_NO_COMMON_BLOCKS = YES;
				GCC_OPTIMIZATION_LEVEL = 0;
				GCC_PREPROCESSOR_DEFINITIONS = (
					"DEBUG=1",
					"$(inherited)",
				);
				GCC_WARN_64_TO_32_BIT_CONVERSION = YES;
				GCC_WARN_ABOUT_RETURN_TYPE = YES_ERROR;
				GCC_WARN_UNDECLARED_SELECTOR = YES;
				GCC_WARN_UNINITIALIZED_AUTOS = YES_AGGRESSIVE;
				GCC_WARN_UNUSED_FUNCTION = YES;
				GCC_WARN_UNUSED_VARIABLE = YES;
				IPHONEOS_DEPLOYMENT_TARGET = 13.5;
				MTL_ENABLE_DEBUG_INFO = INCLUDE_SOURCE;
				MTL_FAST_MATH = YES;
				ONLY_ACTIVE_ARCH = YES;
				SDKROOT = iphoneos;
				SWIFT_ACTIVE_COMPILATION_CONDITIONS = DEBUG;
				SWIFT_OPTIMIZATION_LEVEL = "-Onone";
			};
			name = Debug;
		};
		672A623E25DA82F6009EF6A3 /* Release */ = {
			isa = XCBuildConfiguration;
			buildSettings = {
				ALWAYS_SEARCH_USER_PATHS = NO;
				CLANG_ANALYZER_NONNULL = YES;
				CLANG_ANALYZER_NUMBER_OBJECT_CONVERSION = YES_AGGRESSIVE;
				CLANG_CXX_LANGUAGE_STANDARD = "gnu++14";
				CLANG_CXX_LIBRARY = "libc++";
				CLANG_ENABLE_MODULES = YES;
				CLANG_ENABLE_OBJC_ARC = YES;
				CLANG_ENABLE_OBJC_WEAK = YES;
				CLANG_WARN_BLOCK_CAPTURE_AUTORELEASING = YES;
				CLANG_WARN_BOOL_CONVERSION = YES;
				CLANG_WARN_COMMA = YES;
				CLANG_WARN_CONSTANT_CONVERSION = YES;
				CLANG_WARN_DEPRECATED_OBJC_IMPLEMENTATIONS = YES;
				CLANG_WARN_DIRECT_OBJC_ISA_USAGE = YES_ERROR;
				CLANG_WARN_DOCUMENTATION_COMMENTS = YES;
				CLANG_WARN_EMPTY_BODY = YES;
				CLANG_WARN_ENUM_CONVERSION = YES;
				CLANG_WARN_INFINITE_RECURSION = YES;
				CLANG_WARN_INT_CONVERSION = YES;
				CLANG_WARN_NON_LITERAL_NULL_CONVERSION = YES;
				CLANG_WARN_OBJC_IMPLICIT_RETAIN_SELF = YES;
				CLANG_WARN_OBJC_LITERAL_CONVERSION = YES;
				CLANG_WARN_OBJC_ROOT_CLASS = YES_ERROR;
				CLANG_WARN_RANGE_LOOP_ANALYSIS = YES;
				CLANG_WARN_STRICT_PROTOTYPES = YES;
				CLANG_WARN_SUSPICIOUS_MOVE = YES;
				CLANG_WARN_UNGUARDED_AVAILABILITY = YES_AGGRESSIVE;
				CLANG_WARN_UNREACHABLE_CODE = YES;
				CLANG_WARN__DUPLICATE_METHOD_MATCH = YES;
				COPY_PHASE_STRIP = NO;
				DEBUG_INFORMATION_FORMAT = "dwarf-with-dsym";
				ENABLE_NS_ASSERTIONS = NO;
				ENABLE_STRICT_OBJC_MSGSEND = YES;
				GCC_C_LANGUAGE_STANDARD = gnu11;
				GCC_NO_COMMON_BLOCKS = YES;
				GCC_WARN_64_TO_32_BIT_CONVERSION = YES;
				GCC_WARN_ABOUT_RETURN_TYPE = YES_ERROR;
				GCC_WARN_UNDECLARED_SELECTOR = YES;
				GCC_WARN_UNINITIALIZED_AUTOS = YES_AGGRESSIVE;
				GCC_WARN_UNUSED_FUNCTION = YES;
				GCC_WARN_UNUSED_VARIABLE = YES;
				IPHONEOS_DEPLOYMENT_TARGET = 13.5;
				MTL_ENABLE_DEBUG_INFO = NO;
				MTL_FAST_MATH = YES;
				SDKROOT = iphoneos;
				SWIFT_COMPILATION_MODE = wholemodule;
				SWIFT_OPTIMIZATION_LEVEL = "-O";
				VALIDATE_PRODUCT = YES;
			};
			name = Release;
		};
		672A624025DA82F6009EF6A3 /* Debug */ = {
			isa = XCBuildConfiguration;
			buildSettings = {
				ASSETCATALOG_COMPILER_APPICON_NAME = AppIcon;
				CODE_SIGN_STYLE = Automatic;
				DEVELOPMENT_TEAM = MWFAWW6L55;
				INFOPLIST_FILE = hn/Info.plist;
				LD_RUNPATH_SEARCH_PATHS = (
					"$(inherited)",
					"@executable_path/Frameworks",
				);
				PRODUCT_BUNDLE_IDENTIFIER = com.hn;
				PRODUCT_NAME = "$(TARGET_NAME)";
				SWIFT_VERSION = 5.0;
				TARGETED_DEVICE_FAMILY = 1;
			};
			name = Debug;
		};
		672A624125DA82F6009EF6A3 /* Release */ = {
			isa = XCBuildConfiguration;
			buildSettings = {
				ASSETCATALOG_COMPILER_APPICON_NAME = AppIcon;
				CODE_SIGN_STYLE = Automatic;
				DEVELOPMENT_TEAM = MWFAWW6L55;
				INFOPLIST_FILE = hn/Info.plist;
				LD_RUNPATH_SEARCH_PATHS = (
					"$(inherited)",
					"@executable_path/Frameworks",
				);
				PRODUCT_BUNDLE_IDENTIFIER = com.hn;
				PRODUCT_NAME = "$(TARGET_NAME)";
				SWIFT_VERSION = 5.0;
				TARGETED_DEVICE_FAMILY = 1;
			};
			name = Release;
		};
		672A624325DA82F6009EF6A3 /* Debug */ = {
			isa = XCBuildConfiguration;
			buildSettings = {
				ALWAYS_EMBED_SWIFT_STANDARD_LIBRARIES = YES;
				BUNDLE_LOADER = "$(TEST_HOST)";
				CODE_SIGN_STYLE = Automatic;
				DEVELOPMENT_TEAM = MWFAWW6L55;
				INFOPLIST_FILE = hnTests/Info.plist;
				IPHONEOS_DEPLOYMENT_TARGET = 13.5;
				LD_RUNPATH_SEARCH_PATHS = (
					"$(inherited)",
					"@executable_path/Frameworks",
					"@loader_path/Frameworks",
				);
				PRODUCT_BUNDLE_IDENTIFIER = com.hnTests;
				PRODUCT_NAME = "$(TARGET_NAME)";
				SWIFT_VERSION = 5.0;
				TARGETED_DEVICE_FAMILY = "1,2";
				TEST_HOST = "$(BUILT_PRODUCTS_DIR)/hn.app/hn";
			};
			name = Debug;
		};
		672A624425DA82F6009EF6A3 /* Release */ = {
			isa = XCBuildConfiguration;
			buildSettings = {
				ALWAYS_EMBED_SWIFT_STANDARD_LIBRARIES = YES;
				BUNDLE_LOADER = "$(TEST_HOST)";
				CODE_SIGN_STYLE = Automatic;
				DEVELOPMENT_TEAM = MWFAWW6L55;
				INFOPLIST_FILE = hnTests/Info.plist;
				IPHONEOS_DEPLOYMENT_TARGET = 13.5;
				LD_RUNPATH_SEARCH_PATHS = (
					"$(inherited)",
					"@executable_path/Frameworks",
					"@loader_path/Frameworks",
				);
				PRODUCT_BUNDLE_IDENTIFIER = com.hnTests;
				PRODUCT_NAME = "$(TARGET_NAME)";
				SWIFT_VERSION = 5.0;
				TARGETED_DEVICE_FAMILY = "1,2";
				TEST_HOST = "$(BUILT_PRODUCTS_DIR)/hn.app/hn";
			};
			name = Release;
		};
/* End XCBuildConfiguration section */

/* Begin XCConfigurationList section */
		672A621B25DA82E6009EF6A3 /* Build configuration list for PBXProject "hn" */ = {
			isa = XCConfigurationList;
			buildConfigurations = (
				672A623D25DA82F6009EF6A3 /* Debug */,
				672A623E25DA82F6009EF6A3 /* Release */,
			);
			defaultConfigurationIsVisible = 0;
			defaultConfigurationName = Release;
		};
		672A623F25DA82F6009EF6A3 /* Build configuration list for PBXNativeTarget "hn" */ = {
			isa = XCConfigurationList;
			buildConfigurations = (
				672A624025DA82F6009EF6A3 /* Debug */,
				672A624125DA82F6009EF6A3 /* Release */,
			);
			defaultConfigurationIsVisible = 0;
			defaultConfigurationName = Release;
		};
		672A624225DA82F6009EF6A3 /* Build configuration list for PBXNativeTarget "hnTests" */ = {
			isa = XCConfigurationList;
			buildConfigurations = (
				672A624325DA82F6009EF6A3 /* Debug */,
				672A624425DA82F6009EF6A3 /* Release */,
			);
			defaultConfigurationIsVisible = 0;
			defaultConfigurationName = Release;
		};
/* End XCConfigurationList section */
	};
	rootObject = 672A621825DA82E6009EF6A3 /* Project object */;
}
